
Microsoft Visual Studio Solution File, Format Version 12.00
# Visual Studio Version 17
VisualStudioVersion = 17.3.32825.248
MinimumVisualStudioVersion = 10.0.40219.1
Project("{9A19103F-16F7-4668-BE54-9A1E7A4F7556}") = "Game1", "Game1\Game1.csproj", "{74CEEC70-89FB-4A62-9E80-4D0B7DE257E0}"
EndProject
Project("{FAE04EC0-301F-11D3-BF4B-00C04F79EFBC}") = "TestDungeon", "TestDungeon\TestDungeon.csproj", "{1967C189-4DE2-442A-9964-FE9D4C40945D}"
EndProject
Global
	GlobalSection(SolutionConfigurationPlatforms) = preSolution
		Debug|Any CPU = Debug|Any CPU
		Release|Any CPU = Release|Any CPU
	EndGlobalSection
	GlobalSection(ProjectConfigurationPlatforms) = postSolution
		{74CEEC70-89FB-4A62-9E80-4D0B7DE257E0}.Debug|Any CPU.ActiveCfg = Debug|Any CPU
		{74CEEC70-89FB-4A62-9E80-4D0B7DE257E0}.Debug|Any CPU.Build.0 = Debug|Any CPU
		{74CEEC70-89FB-4A62-9E80-4D0B7DE257E0}.Release|Any CPU.ActiveCfg = Release|Any CPU
		{74CEEC70-89FB-4A62-9E80-4D0B7DE257E0}.Release|Any CPU.Build.0 = Release|Any CPU
		{1967C189-4DE2-442A-9964-FE9D4C40945D}.Debug|Any CPU.ActiveCfg = Debug|Any CPU
		{1967C189-4DE2-442A-9964-FE9D4C40945D}.Debug|Any CPU.Build.0 = Debug|Any CPU
		{1967C189-4DE2-442A-9964-FE9D4C40945D}.Release|Any CPU.ActiveCfg = Release|Any CPU
		{1967C189-4DE2-442A-9964-FE9D4C40945D}.Release|Any CPU.Build.0 = Release|Any CPU
	EndGlobalSection
	GlobalSection(SolutionProperties) = preSolution
		HideSolutionNode = FALSE
	EndGlobalSection
	GlobalSection(ExtensibilityGlobals) = postSolution
		SolutionGuid = {575C0205-AB36-45F1-9384-2BAD4D919F04}
	EndGlobalSection
EndGlobal
